
Microsoft Visual Studio Solution File, Format Version 12.00
# Visual Studio Version 17
VisualStudioVersion = 17.5.33424.131
MinimumVisualStudioVersion = 10.0.40219.1
Project("{FAE04EC0-301F-11D3-BF4B-00C04F79EFBC}") = "PartyInvites", "PartyInvites.csproj", "{A33391C7-B2DC-44A4-928D-03691ED57A6D}"
EndProject
Project("{2150E333-8FDC-42A3-9474-1A3956D46DE8}") = "Solution Items", "Solution Items", "{06189743-7074-4B4E-98D9-438518D965EC}"
	ProjectSection(SolutionItems) = preProject
		Notes.txt = Notes.txt
		Project_Requirements.txt = Project_Requirements.txt
		TextFile1.txt = TextFile1.txt
	EndProjectSection
EndProject
Global
	GlobalSection(SolutionConfigurationPlatforms) = preSolution
		Debug|Any CPU = Debug|Any CPU
		Release|Any CPU = Release|Any CPU
	EndGlobalSection
	GlobalSection(ProjectConfigurationPlatforms) = postSolution
		{A33391C7-B2DC-44A4-928D-03691ED57A6D}.Debug|Any CPU.ActiveCfg = Debug|Any CPU
		{A33391C7-B2DC-44A4-928D-03691ED57A6D}.Debug|Any CPU.Build.0 = Debug|Any CPU
		{A33391C7-B2DC-44A4-928D-03691ED57A6D}.Release|Any CPU.ActiveCfg = Release|Any CPU
		{A33391C7-B2DC-44A4-928D-03691ED57A6D}.Release|Any CPU.Build.0 = Release|Any CPU
	EndGlobalSection
	GlobalSection(SolutionProperties) = preSolution
		HideSolutionNode = FALSE
	EndGlobalSection
	GlobalSection(ExtensibilityGlobals) = postSolution
		SolutionGuid = {1CA250D5-D2DE-4B7A-9577-65509332C2A2}
	EndGlobalSection
EndGlobal
